// !$*UTF8*$!
{
	archiveVersion = 1;
	classes = {
	};
	objectVersion = 71;
	objects = {

/* Begin PBXAggregateTarget section */
		C50000000000000000000001 /* Generate Build Number */ = {
			isa = PBXAggregateTarget;
			buildConfigurationList = C80000000000000000000001 /* Build configuration list for PBXAggregateTarget "Generate Build Number" */;
			buildPhases = (
				C60000000000000000000001 /* Generate Build Number */,
			);
			dependencies = (
			);
			name = "Generate Build Number";
			productName = "Generate Build Number";
		};
		D50000000000000000000001 /* Build Ghostscript */ = {
			isa = PBXAggregateTarget;
			buildConfigurationList = D80000000000000000000001 /* Build configuration list for PBXAggregateTarget "Build Ghostscript" */;
			buildPhases = (
				D60000000000000000000001 /* Build Ghostscript */,
			);
			dependencies = (
			);
			name = "Build Ghostscript";
			productName = "Build Ghostscript";
		};
/* End PBXAggregateTarget section */

/* Begin PBXBuildFile section */
		A10000000000000000000015 /* PDFKit.framework in Frameworks */ = {isa = PBXBuildFile; fileRef = A20000000000000000000016 /* PDFKit.framework */; };
		A10000000000000000000016 /* UIKit.framework in Frameworks */ = {isa = PBXBuildFile; fileRef = A20000000000000000000017 /* UIKit.framework */; };
		B10000000000000000000004 /* iPS2PDFShare.appex in Embed App Extensions */ = {isa = PBXBuildFile; fileRef = B20000000000000000000006 /* iPS2PDFShare.appex */; settings = {ATTRIBUTES = (CodeSignOnCopy, RemoveHeadersOnCopy, ); }; };
		B10000000000000000000005 /* UIKit.framework in Frameworks */ = {isa = PBXBuildFile; fileRef = A20000000000000000000017 /* UIKit.framework */; };
		B10000000000000000000009 /* PDFKit.framework in Frameworks */ = {isa = PBXBuildFile; fileRef = A20000000000000000000016 /* PDFKit.framework */; };
/* End PBXBuildFile section */

/* Begin PBXContainerItemProxy section */
		B30000000000000000000001 /* PBXContainerItemProxy */ = {
			isa = PBXContainerItemProxy;
			containerPortal = A40000000000000000000001 /* Project object */;
			proxyType = 1;
			remoteGlobalIDString = B50000000000000000000001;
			remoteInfo = iPS2PDFShare;
		};
		C30000000000000000000001 /* PBXContainerItemProxy */ = {
			isa = PBXContainerItemProxy;
			containerPortal = A40000000000000000000001 /* Project object */;
			proxyType = 1;
			remoteGlobalIDString = C50000000000000000000001;
			remoteInfo = "Generate Build Number";
		};
		C30000000000000000000002 /* PBXContainerItemProxy */ = {
			isa = PBXContainerItemProxy;
			containerPortal = A40000000000000000000001 /* Project object */;
			proxyType = 1;
			remoteGlobalIDString = C50000000000000000000001;
			remoteInfo = "Generate Build Number";
		};
		D30000000000000000000001 /* PBXContainerItemProxy */ = {
			isa = PBXContainerItemProxy;
			containerPortal = A40000000000000000000001 /* Project object */;
			proxyType = 1;
			remoteGlobalIDString = D50000000000000000000001;
			remoteInfo = "Build Ghostscript";
		};
		D30000000000000000000002 /* PBXContainerItemProxy */ = {
			isa = PBXContainerItemProxy;
			containerPortal = A40000000000000000000001 /* Project object */;
			proxyType = 1;
			remoteGlobalIDString = D50000000000000000000001;
			remoteInfo = "Build Ghostscript";
		};
/* End PBXContainerItemProxy section */

/* Begin PBXCopyFilesBuildPhase section */
		B60000000000000000000004 /* Embed App Extensions */ = {
			isa = PBXCopyFilesBuildPhase;
			buildActionMask = 2147483647;
			dstPath = "";
			dstSubfolderSpec = 13;
			files = (
				B10000000000000000000004 /* iPS2PDFShare.appex in Embed App Extensions */,
			);
			name = "Embed App Extensions";
			runOnlyForDeploymentPostprocessing = 0;
		};
/* End PBXCopyFilesBuildPhase section */

/* Begin PBXFileReference section */
		A20000000000000000000016 /* PDFKit.framework */ = {isa = PBXFileReference; lastKnownFileType = wrapper.framework; name = PDFKit.framework; path = System/Library/Frameworks/PDFKit.framework; sourceTree = SDKROOT; };
		A20000000000000000000017 /* UIKit.framework */ = {isa = PBXFileReference; lastKnownFileType = wrapper.framework; name = UIKit.framework; path = System/Library/Frameworks/UIKit.framework; sourceTree = SDKROOT; };
		A20000000000000000000022 /* iPS2PDF.app */ = {isa = PBXFileReference; explicitFileType = wrapper.application; includeInIndex = 0; path = iPS2PDF.app; sourceTree = BUILT_PRODUCTS_DIR; };
		B20000000000000000000006 /* iPS2PDFShare.appex */ = {isa = PBXFileReference; explicitFileType = "wrapper.app-extension"; includeInIndex = 0; path = iPS2PDFShare.appex; sourceTree = BUILT_PRODUCTS_DIR; };
/* End PBXFileReference section */

/* Begin PBXFileSystemSynchronizedBuildFileExceptionSet section */
		28D58F533031FAA600668A85 /* PBXFileSystemSynchronizedBuildFileExceptionSet */ = {
			isa = PBXFileSystemSynchronizedBuildFileExceptionSet;
			membershipExceptions = (
				Info.plist,
			);
			target = A50000000000000000000001 /* iPS2PDF */;
		};
		28D58F543031FAA600668A85 /* PBXFileSystemSynchronizedBuildFileExceptionSet */ = {
			isa = PBXFileSystemSynchronizedBuildFileExceptionSet;
			membershipExceptions = (
				Localizable.xcstrings,
				Models/AppTint.swift,
				Models/ConversionFailure.swift,
				Models/PDFVersion.swift,
				Services/FileConverting.swift,
				Services/GhostscriptConverter.swift,
				Views/PDFViewer.swift,
			);
			target = B50000000000000000000001 /* iPS2PDFShare */;
		};
		28D58F633031FAF000668A85 /* PBXFileSystemSynchronizedBuildFileExceptionSet */ = {
			isa = PBXFileSystemSynchronizedBuildFileExceptionSet;
			membershipExceptions = (
				GhostscriptBridge.c,
			);
			target = A50000000000000000000001 /* iPS2PDF */;
		};
		28D58F643031FAF000668A85 /* PBXFileSystemSynchronizedBuildFileExceptionSet */ = {
			isa = PBXFileSystemSynchronizedBuildFileExceptionSet;
			membershipExceptions = (
				GhostscriptBridge.c,
			);
			target = B50000000000000000000001 /* iPS2PDFShare */;
		};
		28D58F693031FAF800668A85 /* PBXFileSystemSynchronizedBuildFileExceptionSet */ = {
			isa = PBXFileSystemSynchronizedBuildFileExceptionSet;
			membershipExceptions = (
				ShareViewController.swift,
			);
			target = B50000000000000000000001 /* iPS2PDFShare */;
		};
/* End PBXFileSystemSynchronizedBuildFileExceptionSet section */

/* Begin PBXFileSystemSynchronizedRootGroup section */
		28D58F3B3031FAA500668A85 /* App */ = {isa = PBXFileSystemSynchronizedRootGroup; exceptions = (28D58F533031FAA600668A85 /* PBXFileSystemSynchronizedBuildFileExceptionSet */, 28D58F543031FAA600668A85 /* PBXFileSystemSynchronizedBuildFileExceptionSet */, ); explicitFileTypes = {}; explicitFolders = (); path = App; sourceTree = "<group>"; };
		28D58F593031FACE00668A85 /* Vendor */ = {isa = PBXFileSystemSynchronizedRootGroup; explicitFileTypes = {}; explicitFolders = (); path = Vendor; sourceTree = "<group>"; };
		28D58F5C3031FAD500668A85 /* Scripts */ = {isa = PBXFileSystemSynchronizedRootGroup; explicitFileTypes = {}; explicitFolders = (); path = Scripts; sourceTree = "<group>"; };
		28D58F603031FAEF00668A85 /* GhostscriptIntegration */ = {isa = PBXFileSystemSynchronizedRootGroup; exceptions = (28D58F633031FAF000668A85 /* PBXFileSystemSynchronizedBuildFileExceptionSet */, 28D58F643031FAF000668A85 /* PBXFileSystemSynchronizedBuildFileExceptionSet */, ); explicitFileTypes = {}; explicitFolders = (); path = GhostscriptIntegration; sourceTree = "<group>"; };
		28D58F673031FAF700668A85 /* iPS2PDFShare */ = {isa = PBXFileSystemSynchronizedRootGroup; exceptions = (28D58F693031FAF800668A85 /* PBXFileSystemSynchronizedBuildFileExceptionSet */, ); explicitFileTypes = {}; explicitFolders = (); path = iPS2PDFShare; sourceTree = "<group>"; };
/* End PBXFileSystemSynchronizedRootGroup section */

/* Begin PBXFrameworksBuildPhase section */
		A60000000000000000000001 /* Frameworks */ = {
			isa = PBXFrameworksBuildPhase;
			buildActionMask = 2147483647;
			files = (
				A10000000000000000000015 /* PDFKit.framework in Frameworks */,
				A10000000000000000000016 /* UIKit.framework in Frameworks */,
			);
			runOnlyForDeploymentPostprocessing = 0;
		};
		B60000000000000000000002 /* Frameworks */ = {
			isa = PBXFrameworksBuildPhase;
			buildActionMask = 2147483647;
			files = (
				B10000000000000000000005 /* UIKit.framework in Frameworks */,
				B10000000000000000000009 /* PDFKit.framework in Frameworks */,
			);
			runOnlyForDeploymentPostprocessing = 0;
		};
/* End PBXFrameworksBuildPhase section */

/* Begin PBXGroup section */
		A70000000000000000000001 = {
			isa = PBXGroup;
			children = (
				28D58F3B3031FAA500668A85 /* App */,
				28D58F673031FAF700668A85 /* iPS2PDFShare */,
				28D58F603031FAEF00668A85 /* GhostscriptIntegration */,
				28D58F5C3031FAD500668A85 /* Scripts */,
				28D58F593031FACE00668A85 /* Vendor */,
				A70000000000000000000011 /* Frameworks */,
				A70000000000000000000012 /* Products */,
			);
			sourceTree = "<group>";
		};
		A70000000000000000000011 /* Frameworks */ = {
			isa = PBXGroup;
			children = (
				A20000000000000000000016 /* PDFKit.framework */,
				A20000000000000000000017 /* UIKit.framework */,
			);
			name = Frameworks;
			sourceTree = "<group>";
		};
		A70000000000000000000012 /* Products */ = {
			isa = PBXGroup;
			children = (
				A20000000000000000000022 /* iPS2PDF.app */,
				B20000000000000000000006 /* iPS2PDFShare.appex */,
			);
			name = Products;
			sourceTree = "<group>";
		};
/* End PBXGroup section */

/* Begin PBXNativeTarget section */
		A50000000000000000000001 /* iPS2PDF */ = {
			isa = PBXNativeTarget;
			buildConfigurationList = A80000000000000000000001 /* Build configuration list for PBXNativeTarget "iPS2PDF" */;
			buildPhases = (
				A60000000000000000000004 /* Sources */,
				A60000000000000000000001 /* Frameworks */,
				A60000000000000000000005 /* Resources */,
				288FFBEF3031EF5000A11622 /* Install Ghostscript Resources */,
				B60000000000000000000004 /* Embed App Extensions */,
			);
			buildRules = (
			);
			dependencies = (
				B90000000000000000000001 /* PBXTargetDependency */,
				C90000000000000000000001 /* PBXTargetDependency */,
				D90000000000000000000001 /* PBXTargetDependency */,
			);
			fileSystemSynchronizedGroups = (
				28D58F3B3031FAA500668A85 /* App */,
			);
			name = iPS2PDF;
			productName = iPS2PDF;
			productReference = A20000000000000000000022 /* iPS2PDF.app */;
			productType = "com.apple.product-type.application";
		};
		B50000000000000000000001 /* iPS2PDFShare */ = {
			isa = PBXNativeTarget;
			buildConfigurationList = B80000000000000000000001 /* Build configuration list for PBXNativeTarget "iPS2PDFShare" */;
			buildPhases = (
				B60000000000000000000001 /* Sources */,
				B60000000000000000000002 /* Frameworks */,
				B60000000000000000000003 /* Resources */,
				B60000000000000000000005 /* Install Ghostscript Resources */,
			);
			buildRules = (
			);
			dependencies = (
				C90000000000000000000002 /* PBXTargetDependency */,
				D90000000000000000000002 /* PBXTargetDependency */,
			);
			name = iPS2PDFShare;
			productName = iPS2PDFShare;
			productReference = B20000000000000000000006 /* iPS2PDFShare.appex */;
			productType = "com.apple.product-type.app-extension";
		};
/* End PBXNativeTarget section */

/* Begin PBXProject section */
		A40000000000000000000001 /* Project object */ = {
			isa = PBXProject;
			attributes = {
				BuildIndependentTargetsInParallel = 1;
				LastSwiftUpdateCheck = 2700;
				LastUpgradeCheck = 2700;
				TargetAttributes = {
					A50000000000000000000001 = {
						CreatedOnToolsVersion = 27.0;
					};
					B50000000000000000000001 = {
						CreatedOnToolsVersion = 27.0;
					};
					C50000000000000000000001 = {
						CreatedOnToolsVersion = 27.0;
					};
					D50000000000000000000001 = {
						CreatedOnToolsVersion = 27.0;
					};
				};
			};
			buildConfigurationList = A80000000000000000000003 /* Build configuration list for PBXProject "iPS2PDF" */;
			compatibilityVersion = "Xcode 16.0";
			developmentRegion = en;
			hasScannedForEncodings = 0;
			knownRegions = (
				en,
				Base,
				de,
			);
			mainGroup = A70000000000000000000001;
			productRefGroup = A70000000000000000000012 /* Products */;
			projectDirPath = "";
			projectRoot = "";
			targets = (
				A50000000000000000000001 /* iPS2PDF */,
				B50000000000000000000001 /* iPS2PDFShare */,
				C50000000000000000000001 /* Generate Build Number */,
				D50000000000000000000001 /* Build Ghostscript */,
			);
		};
/* End PBXProject section */

/* Begin PBXResourcesBuildPhase section */
		A60000000000000000000005 /* Resources */ = {
			isa = PBXResourcesBuildPhase;
			buildActionMask = 2147483647;
			files = (
			);
			runOnlyForDeploymentPostprocessing = 0;
		};
		B60000000000000000000003 /* Resources */ = {
			isa = PBXResourcesBuildPhase;
			buildActionMask = 2147483647;
			files = (
			);
			runOnlyForDeploymentPostprocessing = 0;
		};
/* End PBXResourcesBuildPhase section */

/* Begin PBXShellScriptBuildPhase section */
		288FFBEF3031EF5000A11622 /* Install Ghostscript Resources */ = {
			isa = PBXShellScriptBuildPhase;
			buildActionMask = 2147483647;
			files = (
			);
			inputFileListPaths = (
			);
			inputPaths = (
				"$(SRCROOT)/Scripts/install_ghostscript_resources.sh",
				"$(GHOSTSCRIPT_ARTIFACT_DIR)/resources/PDFA_def.ps",
				"$(GHOSTSCRIPT_ARTIFACT_DIR)/resources/srgb.icc",
			);
			name = "Install Ghostscript Resources";
			outputFileListPaths = (
			);
			outputPaths = (
				"$(TARGET_BUILD_DIR)/$(UNLOCALIZED_RESOURCES_FOLDER_PATH)/Ghostscript/PDFA_def.ps",
				"$(TARGET_BUILD_DIR)/$(UNLOCALIZED_RESOURCES_FOLDER_PATH)/Ghostscript/srgb.icc",
			);
			runOnlyForDeploymentPostprocessing = 0;
			shellPath = /bin/bash;
			shellScript = "\"$SRCROOT/Scripts/install_ghostscript_resources.sh\" \"$GHOSTSCRIPT_ARTIFACT_DIR\" \"$TARGET_BUILD_DIR/$UNLOCALIZED_RESOURCES_FOLDER_PATH\"\n";
		};
		B60000000000000000000005 /* Install Ghostscript Resources */ = {
			isa = PBXShellScriptBuildPhase;
			buildActionMask = 2147483647;
			files = (
			);
			inputPaths = (
				"$(SRCROOT)/Scripts/install_ghostscript_resources.sh",
				"$(GHOSTSCRIPT_ARTIFACT_DIR)/resources/PDFA_def.ps",
				"$(GHOSTSCRIPT_ARTIFACT_DIR)/resources/srgb.icc",
			);
			name = "Install Ghostscript Resources";
			outputPaths = (
				"$(TARGET_BUILD_DIR)/$(UNLOCALIZED_RESOURCES_FOLDER_PATH)/Ghostscript/PDFA_def.ps",
				"$(TARGET_BUILD_DIR)/$(UNLOCALIZED_RESOURCES_FOLDER_PATH)/Ghostscript/srgb.icc",
			);
			runOnlyForDeploymentPostprocessing = 0;
			shellPath = /bin/bash;
			shellScript = "\"$SRCROOT/Scripts/install_ghostscript_resources.sh\" \"$GHOSTSCRIPT_ARTIFACT_DIR\" \"$TARGET_BUILD_DIR/$UNLOCALIZED_RESOURCES_FOLDER_PATH\"\n";
		};
		C60000000000000000000001 /* Generate Build Number */ = {
			isa = PBXShellScriptBuildPhase;
			alwaysOutOfDate = 1;
			buildActionMask = 2147483647;
			files = (
			);
			inputPaths = (
			);
			name = "Generate Build Number";
			outputPaths = (
				"$(PROJECT_TEMP_DIR)/BuildNumber.c",
			);
			runOnlyForDeploymentPostprocessing = 0;
			shellPath = /bin/sh;
			shellScript = "mkdir -p \"${PROJECT_TEMP_DIR}\"\nprintf '#define BUILD_NUMBER_VALUE %s\\n' \"$(date '+%Y%m%d.%H%M%S')\" > \"${PROJECT_TEMP_DIR}/BuildNumber.c\"\n";
		};
		D60000000000000000000001 /* Build Ghostscript */ = {
			isa = PBXShellScriptBuildPhase;
			buildActionMask = 2147483647;
			files = (
			);
			inputPaths = (
				"$(SRCROOT)/Scripts/build_ghostscript.sh",
				"$(GHOSTSCRIPT_ARCHIVE_PATH)",
			);
			name = "Build Ghostscript";
			outputPaths = (
				"$(GHOSTSCRIPT_ARTIFACT_DIR)/lib/libgs.a",
				"$(GHOSTSCRIPT_ARTIFACT_DIR)/include/iapi.h",
				"$(GHOSTSCRIPT_ARTIFACT_DIR)/include/gserrors.h",
				"$(GHOSTSCRIPT_ARTIFACT_DIR)/resources/PDFA_def.ps",
				"$(GHOSTSCRIPT_ARTIFACT_DIR)/resources/srgb.icc",
				"$(GHOSTSCRIPT_ARTIFACT_DIR)/build.stamp",
			);
			runOnlyForDeploymentPostprocessing = 0;
			shellPath = /bin/bash;
			shellScript = "\"$SRCROOT/Scripts/build_ghostscript.sh\" \"$PLATFORM_NAME\" \"$ARCHS\" \"$IPHONEOS_DEPLOYMENT_TARGET\" \"$SDK_NAME\" \"$PROJECT_TEMP_DIR\" \"$GHOSTSCRIPT_ARCHIVE_PATH\"\n";
		};
/* End PBXShellScriptBuildPhase section */

/* Begin PBXSourcesBuildPhase section */
		A60000000000000000000004 /* Sources */ = {
			isa = PBXSourcesBuildPhase;
			buildActionMask = 2147483647;
			files = (
			);
			runOnlyForDeploymentPostprocessing = 0;
		};
		B60000000000000000000001 /* Sources */ = {
			isa = PBXSourcesBuildPhase;
			buildActionMask = 2147483647;
			files = (
			);
			runOnlyForDeploymentPostprocessing = 0;
		};
/* End PBXSourcesBuildPhase section */

/* Begin PBXTargetDependency section */
		B90000000000000000000001 /* PBXTargetDependency */ = {
			isa = PBXTargetDependency;
			target = B50000000000000000000001 /* iPS2PDFShare */;
			targetProxy = B30000000000000000000001 /* PBXContainerItemProxy */;
		};
		C90000000000000000000001 /* PBXTargetDependency */ = {
			isa = PBXTargetDependency;
			target = C50000000000000000000001 /* Generate Build Number */;
			targetProxy = C30000000000000000000001 /* PBXContainerItemProxy */;
		};
		C90000000000000000000002 /* PBXTargetDependency */ = {
			isa = PBXTargetDependency;
			target = C50000000000000000000001 /* Generate Build Number */;
			targetProxy = C30000000000000000000002 /* PBXContainerItemProxy */;
		};
		D90000000000000000000001 /* PBXTargetDependency */ = {
			isa = PBXTargetDependency;
			target = D50000000000000000000001 /* Build Ghostscript */;
			targetProxy = D30000000000000000000001 /* PBXContainerItemProxy */;
		};
		D90000000000000000000002 /* PBXTargetDependency */ = {
			isa = PBXTargetDependency;
			target = D50000000000000000000001 /* Build Ghostscript */;
			targetProxy = D30000000000000000000002 /* PBXContainerItemProxy */;
		};
/* End PBXTargetDependency section */

/* Begin XCBuildConfiguration section */
		AA0000000000000000000001 /* Debug */ = {
			isa = XCBuildConfiguration;
			buildSettings = {
				ALWAYS_SEARCH_USER_PATHS = NO;
				CLANG_CXX_LANGUAGE_STANDARD = "gnu++20";
				CLANG_ENABLE_MODULES = YES;
				CLANG_ENABLE_OBJC_ARC = YES;
				CLANG_WARN_DOCUMENTATION_COMMENTS = YES;
				CLANG_WARN_QUOTED_INCLUDE_IN_FRAMEWORK_HEADER = YES;
				GCC_C_LANGUAGE_STANDARD = gnu17;
				GCC_WARN_64_TO_32_BIT_CONVERSION = YES;
				GHOSTSCRIPT_ARTIFACT_DIR = "$(PROJECT_TEMP_DIR)/GhostscriptArtifacts/$(SDK_NAME)-$(ARCHS)-ios$(IPHONEOS_DEPLOYMENT_TARGET)";
				IPHONEOS_DEPLOYMENT_TARGET = 26.0;
				LOCALIZATION_PREFERS_STRING_CATALOGS = YES;
				SDKROOT = iphoneos;
				SWIFT_EMIT_LOC_STRINGS = YES;
				SWIFT_VERSION = 5.0;
			};
			name = Debug;
		};
		AA0000000000000000000002 /* Release */ = {
			isa = XCBuildConfiguration;
			buildSettings = {
				ALWAYS_SEARCH_USER_PATHS = NO;
				CLANG_CXX_LANGUAGE_STANDARD = "gnu++20";
				CLANG_ENABLE_MODULES = YES;
				CLANG_ENABLE_OBJC_ARC = YES;
				GCC_C_LANGUAGE_STANDARD = gnu17;
				GHOSTSCRIPT_ARTIFACT_DIR = "$(PROJECT_TEMP_DIR)/GhostscriptArtifacts/$(SDK_NAME)-$(ARCHS)-ios$(IPHONEOS_DEPLOYMENT_TARGET)";
				IPHONEOS_DEPLOYMENT_TARGET = 26.0;
				LOCALIZATION_PREFERS_STRING_CATALOGS = YES;
				SDKROOT = iphoneos;
				SWIFT_COMPILATION_MODE = wholemodule;
				SWIFT_EMIT_LOC_STRINGS = YES;
				SWIFT_OPTIMIZATION_LEVEL = "-O";
				SWIFT_VERSION = 5.0;
			};
			name = Release;
		};
		AA0000000000000000000003 /* Debug */ = {
			isa = XCBuildConfiguration;
			buildSettings = {
				ARCHS = arm64;
				ASSETCATALOG_COMPILER_APPICON_NAME = AppIcon;
				CODE_SIGN_STYLE = Automatic;
				CURRENT_PROJECT_VERSION = 1;
				DEVELOPMENT_TEAM = 7V6H28ZHKW;
				ENABLE_TESTABILITY = YES;
				ENABLE_USER_SCRIPT_SANDBOXING = NO;
				GENERATE_INFOPLIST_FILE = NO;
				HEADER_SEARCH_PATHS = "$(GHOSTSCRIPT_ARTIFACT_DIR)/include";
				INFOPLIST_FILE = App/Info.plist;
				INFOPLIST_KEY_CFBundleDisplayName = iPS2PDF;
				INFOPLIST_PREFIX_HEADER = "$(PROJECT_TEMP_DIR)/BuildNumber.c";
				INFOPLIST_PREPROCESS = YES;
				LIBRARY_SEARCH_PATHS = "$(GHOSTSCRIPT_ARTIFACT_DIR)/lib";
				MARKETING_VERSION = 1.0;
				OTHER_LDFLAGS = (
					"$(inherited)",
					"-lgs",
					"-lc++",
					"-liconv",
				);
				PRODUCT_BUNDLE_IDENTIFIER = "de.cafe-megabyte.iPS2PDF";
				PRODUCT_NAME = "$(TARGET_NAME)";
				SUPPORTED_PLATFORMS = "iphonesimulator iphoneos";
				SWIFT_OBJC_BRIDGING_HEADER = "$(SRCROOT)/GhostscriptIntegration/GhostscriptBridge.h";
				TARGETED_DEVICE_FAMILY = "1,2";
			};
			name = Debug;
		};
		AA0000000000000000000004 /* Release */ = {
			isa = XCBuildConfiguration;
			buildSettings = {
				ARCHS = arm64;
				ASSETCATALOG_COMPILER_APPICON_NAME = AppIcon;
				CODE_SIGN_STYLE = Automatic;
				CURRENT_PROJECT_VERSION = 1;
				DEVELOPMENT_TEAM = 7V6H28ZHKW;
				ENABLE_USER_SCRIPT_SANDBOXING = NO;
				GENERATE_INFOPLIST_FILE = NO;
				HEADER_SEARCH_PATHS = "$(GHOSTSCRIPT_ARTIFACT_DIR)/include";
				INFOPLIST_FILE = App/Info.plist;
				INFOPLIST_KEY_CFBundleDisplayName = iPS2PDF;
				INFOPLIST_PREFIX_HEADER = "$(PROJECT_TEMP_DIR)/BuildNumber.c";
				INFOPLIST_PREPROCESS = YES;
				LIBRARY_SEARCH_PATHS = "$(GHOSTSCRIPT_ARTIFACT_DIR)/lib";
				MARKETING_VERSION = 1.0;
				OTHER_LDFLAGS = (
					"$(inherited)",
					"-lgs",
					"-lc++",
					"-liconv",
				);
				PRODUCT_BUNDLE_IDENTIFIER = "de.cafe-megabyte.iPS2PDF";
				PRODUCT_NAME = "$(TARGET_NAME)";
				SUPPORTED_PLATFORMS = "iphonesimulator iphoneos";
				SWIFT_OBJC_BRIDGING_HEADER = "$(SRCROOT)/GhostscriptIntegration/GhostscriptBridge.h";
				TARGETED_DEVICE_FAMILY = "1,2";
			};
			name = Release;
		};
		BA0000000000000000000001 /* Debug */ = {
			isa = XCBuildConfiguration;
			buildSettings = {
				APPLICATION_EXTENSION_API_ONLY = YES;
				ARCHS = arm64;
				CODE_SIGN_STYLE = Automatic;
				CURRENT_PROJECT_VERSION = 1;
				DEVELOPMENT_TEAM = 7V6H28ZHKW;
				ENABLE_USER_SCRIPT_SANDBOXING = NO;
				GENERATE_INFOPLIST_FILE = NO;
				HEADER_SEARCH_PATHS = "$(GHOSTSCRIPT_ARTIFACT_DIR)/include";
				INFOPLIST_FILE = iPS2PDFShare/Info.plist;
				INFOPLIST_PREFIX_HEADER = "$(PROJECT_TEMP_DIR)/BuildNumber.c";
				INFOPLIST_PREPROCESS = YES;
				IPHONEOS_DEPLOYMENT_TARGET = 26.0;
				LD_RUNPATH_SEARCH_PATHS = (
					"$(inherited)",
					"@executable_path/Frameworks",
					"@executable_path/../../Frameworks",
				);
				LIBRARY_SEARCH_PATHS = "$(GHOSTSCRIPT_ARTIFACT_DIR)/lib";
				MARKETING_VERSION = 1.0;
				OTHER_LDFLAGS = (
					"$(inherited)",
					"-lgs",
					"-lc++",
					"-liconv",
				);
				PRODUCT_BUNDLE_IDENTIFIER = "de.cafe-megabyte.iPS2PDF.Share";
				PRODUCT_NAME = "$(TARGET_NAME)";
				SKIP_INSTALL = YES;
				SUPPORTED_PLATFORMS = "iphonesimulator iphoneos";
				SWIFT_OBJC_BRIDGING_HEADER = "$(SRCROOT)/GhostscriptIntegration/GhostscriptBridge.h";
				SWIFT_VERSION = 5.0;
				TARGETED_DEVICE_FAMILY = "1,2";
			};
			name = Debug;
		};
		BA0000000000000000000002 /* Release */ = {
			isa = XCBuildConfiguration;
			buildSettings = {
				APPLICATION_EXTENSION_API_ONLY = YES;
				ARCHS = arm64;
				CODE_SIGN_STYLE = Automatic;
				CURRENT_PROJECT_VERSION = 1;
				DEVELOPMENT_TEAM = 7V6H28ZHKW;
				ENABLE_USER_SCRIPT_SANDBOXING = NO;
				GENERATE_INFOPLIST_FILE = NO;
				HEADER_SEARCH_PATHS = "$(GHOSTSCRIPT_ARTIFACT_DIR)/include";
				INFOPLIST_FILE = iPS2PDFShare/Info.plist;
				INFOPLIST_PREFIX_HEADER = "$(PROJECT_TEMP_DIR)/BuildNumber.c";
				INFOPLIST_PREPROCESS = YES;
				IPHONEOS_DEPLOYMENT_TARGET = 26.0;
				LD_RUNPATH_SEARCH_PATHS = (
					"$(inherited)",
					"@executable_path/Frameworks",
					"@executable_path/../../Frameworks",
				);
				LIBRARY_SEARCH_PATHS = "$(GHOSTSCRIPT_ARTIFACT_DIR)/lib";
				MARKETING_VERSION = 1.0;
				OTHER_LDFLAGS = (
					"$(inherited)",
					"-lgs",
					"-lc++",
					"-liconv",
				);
				PRODUCT_BUNDLE_IDENTIFIER = "de.cafe-megabyte.iPS2PDF.Share";
				PRODUCT_NAME = "$(TARGET_NAME)";
				SKIP_INSTALL = YES;
				SUPPORTED_PLATFORMS = "iphonesimulator iphoneos";
				SWIFT_COMPILATION_MODE = wholemodule;
				SWIFT_OBJC_BRIDGING_HEADER = "$(SRCROOT)/GhostscriptIntegration/GhostscriptBridge.h";
				SWIFT_OPTIMIZATION_LEVEL = "-O";
				SWIFT_VERSION = 5.0;
				TARGETED_DEVICE_FAMILY = "1,2";
			};
			name = Release;
		};
		CA00000000000000000000001 /* Debug */ = {
			isa = XCBuildConfiguration;
			buildSettings = {
			};
			name = Debug;
		};
		CA00000000000000000000002 /* Release */ = {
			isa = XCBuildConfiguration;
			buildSettings = {
			};
			name = Release;
		};
		DA00000000000000000000001 /* Debug */ = {
			isa = XCBuildConfiguration;
			buildSettings = {
				ARCHS = arm64;
				ENABLE_USER_SCRIPT_SANDBOXING = NO;
				GHOSTSCRIPT_ARCHIVE_PATH = "$(SRCROOT)/Vendor/Ghostscript/ghostscript-10.07.1.tar.gz";
				SUPPORTED_PLATFORMS = "iphonesimulator iphoneos";
			};
			name = Debug;
		};
		DA00000000000000000000002 /* Release */ = {
			isa = XCBuildConfiguration;
			buildSettings = {
				ARCHS = arm64;
				ENABLE_USER_SCRIPT_SANDBOXING = NO;
				GHOSTSCRIPT_ARCHIVE_PATH = "$(SRCROOT)/Vendor/Ghostscript/ghostscript-10.07.1.tar.gz";
				SUPPORTED_PLATFORMS = "iphonesimulator iphoneos";
			};
			name = Release;
		};
/* End XCBuildConfiguration section */

/* Begin XCConfigurationList section */
		A80000000000000000000001 /* Build configuration list for PBXNativeTarget "iPS2PDF" */ = {
			isa = XCConfigurationList;
			buildConfigurations = (
				AA0000000000000000000003 /* Debug */,
				AA0000000000000000000004 /* Release */,
			);
			defaultConfigurationIsVisible = 0;
			defaultConfigurationName = Release;
		};
		A80000000000000000000003 /* Build configuration list for PBXProject "iPS2PDF" */ = {
			isa = XCConfigurationList;
			buildConfigurations = (
				AA0000000000000000000001 /* Debug */,
				AA0000000000000000000002 /* Release */,
			);
			defaultConfigurationIsVisible = 0;
			defaultConfigurationName = Release;
		};
		B80000000000000000000001 /* Build configuration list for PBXNativeTarget "iPS2PDFShare" */ = {
			isa = XCConfigurationList;
			buildConfigurations = (
				BA0000000000000000000001 /* Debug */,
				BA0000000000000000000002 /* Release */,
			);
			defaultConfigurationIsVisible = 0;
			defaultConfigurationName = Release;
		};
		C80000000000000000000001 /* Build configuration list for PBXAggregateTarget "Generate Build Number" */ = {
			isa = XCConfigurationList;
			buildConfigurations = (
				CA00000000000000000000001 /* Debug */,
				CA00000000000000000000002 /* Release */,
			);
			defaultConfigurationIsVisible = 0;
			defaultConfigurationName = Release;
		};
		D80000000000000000000001 /* Build configuration list for PBXAggregateTarget "Build Ghostscript" */ = {
			isa = XCConfigurationList;
			buildConfigurations = (
				DA00000000000000000000001 /* Debug */,
				DA00000000000000000000002 /* Release */,
			);
			defaultConfigurationIsVisible = 0;
			defaultConfigurationName = Release;
		};
/* End XCConfigurationList section */
	};
	rootObject = A40000000000000000000001 /* Project object */;
}
