// !$*UTF8*$!
{
	archiveVersion = 1;
	classes = {
	};
	objectVersion = 71;
	objects = {

/* Begin PBXAggregateTarget section */
		C50000000000000000000001 /* Generate Build Number */ = {
			isa = PBXAggregateTarget;
			buildConfigurationList = C80000000000000000000001 /* Build configuration list for PBXAggregateTarget "Generate Build Number" */;
			buildPhases = (
				C60000000000000000000001 /* Generate Build Number */,
			);
			dependencies = (
			);
			name = "Generate Build Number";
			productName = "Generate Build Number";
		};
		D50000000000000000000001 /* Build Ghostscript */ = {
			isa = PBXAggregateTarget;
			buildConfigurationList = D80000000000000000000001 /* Build configuration list for PBXAggregateTarget "Build Ghostscript" */;
			buildPhases = (
				D60000000000000000000001 /* Build Ghostscript */,
			);
			dependencies = (
			);
			name = "Build Ghostscript";
			productName = "Build Ghostscript";
		};
/* End PBXAggregateTarget section */

/* Begin PBXBuildFile section */
		A10000000000000000000015 /* PDFKit.framework in Frameworks */ = {isa = PBXBuildFile; fileRef = A20000000000000000000016 /* PDFKit.framework */; };
		A10000000000000000000016 /* UIKit.framework in Frameworks */ = {isa = PBXBuildFile; fileRef = A20000000000000000000017 /* UIKit.framework */; };
		B10000000000000000000004 /* iPS2PDFShare.appex in Embed App Extensions */ = {isa = PBXBuildFile; fileRef = B20000000000000000000006 /* iPS2PDFShare.appex */; settings = {ATTRIBUTES = (CodeSignOnCopy, RemoveHeadersOnCopy, ); }; };
		B10000000000000000000005 /* UIKit.framework in Frameworks */ = {isa = PBXBuildFile; fileRef = A20000000000000000000017 /* UIKit.framework */; };
		B10000000000000000000009 /* PDFKit.framework in Frameworks */ = {isa = PBXBuildFile; fileRef = A20000000000000000000016 /* PDFKit.framework */; };
		F10000000000000000000001 /* iPS2PDFSecurity.appex in Embed Foundation Extensions */ = {isa = PBXBuildFile; fileRef = F20000000000000000000001 /* iPS2PDFSecurity.appex */; settings = {ATTRIBUTES = (CodeSignOnCopy, RemoveHeadersOnCopy, ); }; };
		F10000000000000000000002 /* iPS2PDFShareSecurity.appex in Embed Foundation Extensions */ = {isa = PBXBuildFile; fileRef = F20000000000000000000002 /* iPS2PDFShareSecurity.appex */; settings = {ATTRIBUTES = (CodeSignOnCopy, RemoveHeadersOnCopy, ); }; };
		F10000000000000000000007 /* ExtensionFoundation.framework in Frameworks */ = {isa = PBXBuildFile; fileRef = F20000000000000000000007 /* ExtensionFoundation.framework */; };
		F1000000000000000000000C /* ExtensionFoundation.framework in Frameworks */ = {isa = PBXBuildFile; fileRef = F20000000000000000000007 /* ExtensionFoundation.framework */; };
/* End PBXBuildFile section */

/* Begin PBXContainerItemProxy section */
		B30000000000000000000001 /* PBXContainerItemProxy */ = {
			isa = PBXContainerItemProxy;
			containerPortal = A40000000000000000000001 /* Project object */;
			proxyType = 1;
			remoteGlobalIDString = B50000000000000000000001;
			remoteInfo = iPS2PDFShare;
		};
		C30000000000000000000001 /* PBXContainerItemProxy */ = {
			isa = PBXContainerItemProxy;
			containerPortal = A40000000000000000000001 /* Project object */;
			proxyType = 1;
			remoteGlobalIDString = C50000000000000000000001;
			remoteInfo = "Generate Build Number";
		};
		C30000000000000000000002 /* PBXContainerItemProxy */ = {
			isa = PBXContainerItemProxy;
			containerPortal = A40000000000000000000001 /* Project object */;
			proxyType = 1;
			remoteGlobalIDString = C50000000000000000000001;
			remoteInfo = "Generate Build Number";
		};
		C30000000000000000000003 /* PBXContainerItemProxy */ = {
			isa = PBXContainerItemProxy;
			containerPortal = A40000000000000000000001 /* Project object */;
			proxyType = 1;
			remoteGlobalIDString = C50000000000000000000001;
			remoteInfo = "Generate Build Number";
		};
		C30000000000000000000004 /* PBXContainerItemProxy */ = {
			isa = PBXContainerItemProxy;
			containerPortal = A40000000000000000000001 /* Project object */;
			proxyType = 1;
			remoteGlobalIDString = C50000000000000000000001;
			remoteInfo = "Generate Build Number";
		};
		F30000000000000000000001 /* PBXContainerItemProxy */ = {
			isa = PBXContainerItemProxy;
			containerPortal = A40000000000000000000001 /* Project object */;
			proxyType = 1;
			remoteGlobalIDString = F50000000000000000000001;
			remoteInfo = iPS2PDFSecurity;
		};
		F30000000000000000000002 /* PBXContainerItemProxy */ = {
			isa = PBXContainerItemProxy;
			containerPortal = A40000000000000000000001 /* Project object */;
			proxyType = 1;
			remoteGlobalIDString = F50000000000000000000002;
			remoteInfo = iPS2PDFShareSecurity;
		};
		F30000000000000000000003 /* PBXContainerItemProxy */ = {
			isa = PBXContainerItemProxy;
			containerPortal = A40000000000000000000001 /* Project object */;
			proxyType = 1;
			remoteGlobalIDString = D50000000000000000000001;
			remoteInfo = "Build Ghostscript";
		};
		F30000000000000000000004 /* PBXContainerItemProxy */ = {
			isa = PBXContainerItemProxy;
			containerPortal = A40000000000000000000001 /* Project object */;
			proxyType = 1;
			remoteGlobalIDString = D50000000000000000000001;
			remoteInfo = "Build Ghostscript";
		};
		T30000000000000000000001 /* PBXContainerItemProxy */ = {
			isa = PBXContainerItemProxy;
			containerPortal = A40000000000000000000001 /* Project object */;
			proxyType = 1;
			remoteGlobalIDString = A50000000000000000000001;
			remoteInfo = iPS2PDF;
		};
/* End PBXContainerItemProxy section */

/* Begin PBXCopyFilesBuildPhase section */
		B60000000000000000000004 /* Embed App Extensions */ = {
			isa = PBXCopyFilesBuildPhase;
			buildActionMask = 2147483647;
			dstPath = "";
			dstSubfolderSpec = 13;
			files = (
				B10000000000000000000004 /* iPS2PDFShare.appex in Embed App Extensions */,
			);
			name = "Embed App Extensions";
			runOnlyForDeploymentPostprocessing = 0;
		};
		F60000000000000000000001 /* Embed Foundation Extensions */ = {
			isa = PBXCopyFilesBuildPhase;
			buildActionMask = 2147483647;
			dstPath = Extensions;
			dstSubfolderSpec = 1;
			files = (
				F10000000000000000000002 /* iPS2PDFShareSecurity.appex in Embed Foundation Extensions */,
			);
			name = "Embed Foundation Extensions";
			runOnlyForDeploymentPostprocessing = 0;
		};
		F6000000000000000000000D /* Embed Foundation Extensions */ = {
			isa = PBXCopyFilesBuildPhase;
			buildActionMask = 2147483647;
			dstPath = Extensions;
			dstSubfolderSpec = 1;
			files = (
				F10000000000000000000001 /* iPS2PDFSecurity.appex in Embed Foundation Extensions */,
			);
			name = "Embed Foundation Extensions";
			runOnlyForDeploymentPostprocessing = 0;
		};
/* End PBXCopyFilesBuildPhase section */

/* Begin PBXFileReference section */
		A20000000000000000000016 /* PDFKit.framework */ = {isa = PBXFileReference; lastKnownFileType = wrapper.framework; name = PDFKit.framework; path = System/Library/Frameworks/PDFKit.framework; sourceTree = SDKROOT; };
		A20000000000000000000017 /* UIKit.framework */ = {isa = PBXFileReference; lastKnownFileType = wrapper.framework; name = UIKit.framework; path = System/Library/Frameworks/UIKit.framework; sourceTree = SDKROOT; };
		A20000000000000000000022 /* iPS2PDF.app */ = {isa = PBXFileReference; explicitFileType = wrapper.application; includeInIndex = 0; path = iPS2PDF.app; sourceTree = BUILT_PRODUCTS_DIR; };
		B20000000000000000000006 /* iPS2PDFShare.appex */ = {isa = PBXFileReference; explicitFileType = "wrapper.app-extension"; includeInIndex = 0; path = iPS2PDFShare.appex; sourceTree = BUILT_PRODUCTS_DIR; };
		F20000000000000000000001 /* iPS2PDFSecurity.appex */ = {isa = PBXFileReference; explicitFileType = "wrapper.extensionkit-extension"; includeInIndex = 0; path = iPS2PDFSecurity.appex; sourceTree = BUILT_PRODUCTS_DIR; };
		F20000000000000000000002 /* iPS2PDFShareSecurity.appex */ = {isa = PBXFileReference; explicitFileType = "wrapper.extensionkit-extension"; includeInIndex = 0; path = iPS2PDFShareSecurity.appex; sourceTree = BUILT_PRODUCTS_DIR; };
		F20000000000000000000007 /* ExtensionFoundation.framework */ = {isa = PBXFileReference; lastKnownFileType = wrapper.framework; name = ExtensionFoundation.framework; path = System/Library/Frameworks/ExtensionFoundation.framework; sourceTree = SDKROOT; };
		T20000000000000000000002 /* iPS2PDFTests.xctest */ = {isa = PBXFileReference; explicitFileType = wrapper.cfbundle; includeInIndex = 0; path = iPS2PDFTests.xctest; sourceTree = BUILT_PRODUCTS_DIR; };
/* End PBXFileReference section */

/* Begin PBXFileSystemSynchronizedBuildFileExceptionSet section */
		28D58F533031FAA600668A85 /* PBXFileSystemSynchronizedBuildFileExceptionSet */ = {
			isa = PBXFileSystemSynchronizedBuildFileExceptionSet;
			membershipExceptions = (
				Info.plist,
			);
			target = A50000000000000000000001 /* iPS2PDF */;
		};
		28D58F543031FAA600668A85 /* PBXFileSystemSynchronizedBuildFileExceptionSet */ = {
			isa = PBXFileSystemSynchronizedBuildFileExceptionSet;
			membershipExceptions = (
				Localizable.xcstrings,
				Models/AppTint.swift,
				Models/ConversionFailure.swift,
				Models/DiagnosticPresentation.swift,
				Models/PDFACompatibility.swift,
				Models/PDFPresentation.swift,
				Models/PDFVersion.swift,
				Services/FileConverting.swift,
				Services/GhostscriptConverter.swift,
			);
			target = B50000000000000000000001 /* iPS2PDFShare */;
		};
		28D58F693031FAF800668A85 /* PBXFileSystemSynchronizedBuildFileExceptionSet */ = {
			isa = PBXFileSystemSynchronizedBuildFileExceptionSet;
			membershipExceptions = (
				ShareConversionModel.swift,
				ShareRootView.swift,
				ShareViewController.swift,
			);
			target = B50000000000000000000001 /* iPS2PDFShare */;
		};
/* End PBXFileSystemSynchronizedBuildFileExceptionSet section */

/* Begin PBXFileSystemSynchronizedRootGroup section */
		289E1EDD30390C1900A176CF /* Enhanced Security Helpers */ = {isa = PBXFileSystemSynchronizedRootGroup; explicitFileTypes = {}; explicitFolders = (); path = "Enhanced Security Helpers"; sourceTree = "<group>"; };
		28D58F3B3031FAA500668A85 /* App */ = {isa = PBXFileSystemSynchronizedRootGroup; exceptions = (28D58F533031FAA600668A85 /* PBXFileSystemSynchronizedBuildFileExceptionSet */, 28D58F543031FAA600668A85 /* PBXFileSystemSynchronizedBuildFileExceptionSet */, ); explicitFileTypes = {}; explicitFolders = (); path = App; sourceTree = "<group>"; };
		28D58F593031FACE00668A85 /* Vendor */ = {isa = PBXFileSystemSynchronizedRootGroup; explicitFileTypes = {}; explicitFolders = (); path = Vendor; sourceTree = "<group>"; };
		28D58F5C3031FAD500668A85 /* Scripts */ = {isa = PBXFileSystemSynchronizedRootGroup; explicitFileTypes = {}; explicitFolders = (); path = Scripts; sourceTree = "<group>"; };
		28D58F673031FAF700668A85 /* iPS2PDFShare */ = {isa = PBXFileSystemSynchronizedRootGroup; exceptions = (28D58F693031FAF800668A85 /* PBXFileSystemSynchronizedBuildFileExceptionSet */, ); explicitFileTypes = {}; explicitFolders = (); path = iPS2PDFShare; sourceTree = "<group>"; };
		E00000000000000000000001 /* Shared */ = {isa = PBXFileSystemSynchronizedRootGroup; explicitFileTypes = {}; explicitFolders = (); path = Shared; sourceTree = "<group>"; };
		E00000000000000000000002 /* BundledResources */ = {isa = PBXFileSystemSynchronizedRootGroup; explicitFileTypes = {}; explicitFolders = (); path = BundledResources; sourceTree = "<group>"; };
		T70000000000000000000001 /* Tests */ = {isa = PBXFileSystemSynchronizedRootGroup; explicitFileTypes = {}; explicitFolders = (); path = Tests; sourceTree = "<group>"; };
/* End PBXFileSystemSynchronizedRootGroup section */

/* Begin PBXFrameworksBuildPhase section */
		A60000000000000000000001 /* Frameworks */ = {
			isa = PBXFrameworksBuildPhase;
			buildActionMask = 2147483647;
			files = (
				A10000000000000000000015 /* PDFKit.framework in Frameworks */,
				A10000000000000000000016 /* UIKit.framework in Frameworks */,
			);
			runOnlyForDeploymentPostprocessing = 0;
		};
		B60000000000000000000002 /* Frameworks */ = {
			isa = PBXFrameworksBuildPhase;
			buildActionMask = 2147483647;
			files = (
				B10000000000000000000005 /* UIKit.framework in Frameworks */,
				B10000000000000000000009 /* PDFKit.framework in Frameworks */,
			);
			runOnlyForDeploymentPostprocessing = 0;
		};
		F60000000000000000000002 /* Frameworks */ = {
			isa = PBXFrameworksBuildPhase;
			buildActionMask = 2147483647;
			files = (
				F10000000000000000000007 /* ExtensionFoundation.framework in Frameworks */,
			);
			runOnlyForDeploymentPostprocessing = 0;
		};
		F60000000000000000000003 /* Frameworks */ = {
			isa = PBXFrameworksBuildPhase;
			buildActionMask = 2147483647;
			files = (
				F1000000000000000000000C /* ExtensionFoundation.framework in Frameworks */,
			);
			runOnlyForDeploymentPostprocessing = 0;
		};
		T60000000000000000000001 /* Frameworks */ = {
			isa = PBXFrameworksBuildPhase;
			buildActionMask = 2147483647;
			files = (
			);
			runOnlyForDeploymentPostprocessing = 0;
		};
/* End PBXFrameworksBuildPhase section */

/* Begin PBXGroup section */
		A70000000000000000000001 = {
			isa = PBXGroup;
			children = (
				28D58F3B3031FAA500668A85 /* App */,
				E00000000000000000000001 /* Shared */,
				28D58F673031FAF700668A85 /* iPS2PDFShare */,
				28D58F5C3031FAD500668A85 /* Scripts */,
				E00000000000000000000002 /* BundledResources */,
				T70000000000000000000001 /* Tests */,
				289E1EDD30390C1900A176CF /* Enhanced Security Helpers */,
				28D58F593031FACE00668A85 /* Vendor */,
				A70000000000000000000011 /* Frameworks */,
				A70000000000000000000012 /* Products */,
			);
			sourceTree = "<group>";
		};
		A70000000000000000000011 /* Frameworks */ = {
			isa = PBXGroup;
			children = (
				A20000000000000000000016 /* PDFKit.framework */,
				A20000000000000000000017 /* UIKit.framework */,
				F20000000000000000000007 /* ExtensionFoundation.framework */,
			);
			name = Frameworks;
			sourceTree = "<group>";
		};
		A70000000000000000000012 /* Products */ = {
			isa = PBXGroup;
			children = (
				A20000000000000000000022 /* iPS2PDF.app */,
				B20000000000000000000006 /* iPS2PDFShare.appex */,
				F20000000000000000000001 /* iPS2PDFSecurity.appex */,
				F20000000000000000000002 /* iPS2PDFShareSecurity.appex */,
				T20000000000000000000002 /* iPS2PDFTests.xctest */,
			);
			name = Products;
			sourceTree = "<group>";
		};
/* End PBXGroup section */

/* Begin PBXNativeTarget section */
		A50000000000000000000001 /* iPS2PDF */ = {
			isa = PBXNativeTarget;
			buildConfigurationList = A80000000000000000000001 /* Build configuration list for PBXNativeTarget "iPS2PDF" */;
			buildPhases = (
				A60000000000000000000004 /* Sources */,
				A60000000000000000000001 /* Frameworks */,
				A60000000000000000000005 /* Resources */,
				E00000000000000000000003 /* Install Joboptions and Profiles */,
				F6000000000000000000000D /* Embed Foundation Extensions */,
				B60000000000000000000004 /* Embed App Extensions */,
			);
			buildRules = (
			);
			dependencies = (
				B90000000000000000000001 /* PBXTargetDependency */,
				C90000000000000000000001 /* PBXTargetDependency */,
				F90000000000000000000001 /* PBXTargetDependency */,
			);
			fileSystemSynchronizedGroups = (
				28D58F3B3031FAA500668A85 /* App */,
				E00000000000000000000001 /* Shared */,
			);
			name = iPS2PDF;
			productName = iPS2PDF;
			productReference = A20000000000000000000022 /* iPS2PDF.app */;
			productType = "com.apple.product-type.application";
		};
		B50000000000000000000001 /* iPS2PDFShare */ = {
			isa = PBXNativeTarget;
			buildConfigurationList = B80000000000000000000001 /* Build configuration list for PBXNativeTarget "iPS2PDFShare" */;
			buildPhases = (
				B60000000000000000000001 /* Sources */,
				B60000000000000000000002 /* Frameworks */,
				B60000000000000000000003 /* Resources */,
				F6000000000000000000000C /* Install Share Host Extension Point */,
				E00000000000000000000004 /* Install Joboptions */,
				F60000000000000000000001 /* Embed Foundation Extensions */,
			);
			buildRules = (
			);
			dependencies = (
				C90000000000000000000002 /* PBXTargetDependency */,
				F90000000000000000000002 /* PBXTargetDependency */,
			);
			fileSystemSynchronizedGroups = (
				E00000000000000000000001 /* Shared */,
			);
			name = iPS2PDFShare;
			productName = iPS2PDFShare;
			productReference = B20000000000000000000006 /* iPS2PDFShare.appex */;
			productType = "com.apple.product-type.app-extension";
		};
		F50000000000000000000001 /* iPS2PDFSecurity */ = {
			isa = PBXNativeTarget;
			buildConfigurationList = F80000000000000000000001 /* Build configuration list for PBXNativeTarget "iPS2PDFSecurity" */;
			buildPhases = (
				F60000000000000000000004 /* Sources */,
				F60000000000000000000002 /* Frameworks */,
				F60000000000000000000006 /* Resources */,
				F60000000000000000000008 /* Install Profiles */,
				F6000000000000000000000A /* Install Ghostscript Resources */,
			);
			buildRules = (
			);
			dependencies = (
				F90000000000000000000003 /* PBXTargetDependency */,
				C90000000000000000000003 /* PBXTargetDependency */,
			);
			fileSystemSynchronizedGroups = (
				289E1EDD30390C1900A176CF /* Enhanced Security Helpers */,
			);
			name = iPS2PDFSecurity;
			productName = iPS2PDFSecurity;
			productReference = F20000000000000000000001 /* iPS2PDFSecurity.appex */;
			productType = "com.apple.product-type.extensionkit-extension";
		};
		F50000000000000000000002 /* iPS2PDFShareSecurity */ = {
			isa = PBXNativeTarget;
			buildConfigurationList = F80000000000000000000002 /* Build configuration list for PBXNativeTarget "iPS2PDFShareSecurity" */;
			buildPhases = (
				F60000000000000000000005 /* Sources */,
				F60000000000000000000003 /* Frameworks */,
				F60000000000000000000007 /* Resources */,
				F60000000000000000000009 /* Install Profiles */,
				F6000000000000000000000B /* Install Ghostscript Resources */,
			);
			buildRules = (
			);
			dependencies = (
				F90000000000000000000004 /* PBXTargetDependency */,
				C90000000000000000000004 /* PBXTargetDependency */,
			);
			fileSystemSynchronizedGroups = (
				289E1EDD30390C1900A176CF /* Enhanced Security Helpers */,
			);
			name = iPS2PDFShareSecurity;
			productName = iPS2PDFShareSecurity;
			productReference = F20000000000000000000002 /* iPS2PDFShareSecurity.appex */;
			productType = "com.apple.product-type.extensionkit-extension";
		};
		T50000000000000000000001 /* iPS2PDFTests */ = {
			isa = PBXNativeTarget;
			buildConfigurationList = T80000000000000000000001 /* Build configuration list for PBXNativeTarget "iPS2PDFTests" */;
			buildPhases = (
				T60000000000000000000002 /* Sources */,
				T60000000000000000000001 /* Frameworks */,
			);
			buildRules = (
			);
			dependencies = (
				T90000000000000000000001 /* PBXTargetDependency */,
			);
			fileSystemSynchronizedGroups = (
				T70000000000000000000001 /* Tests */,
			);
			name = iPS2PDFTests;
			productName = iPS2PDFTests;
			productReference = T20000000000000000000002 /* iPS2PDFTests.xctest */;
			productType = "com.apple.product-type.bundle.unit-test";
		};
/* End PBXNativeTarget section */

/* Begin PBXProject section */
		A40000000000000000000001 /* Project object */ = {
			isa = PBXProject;
			attributes = {
				BuildIndependentTargetsInParallel = 1;
				LastSwiftUpdateCheck = 2700;
				LastUpgradeCheck = 2700;
				TargetAttributes = {
					A50000000000000000000001 = {
						CreatedOnToolsVersion = 27.0;
					};
					B50000000000000000000001 = {
						CreatedOnToolsVersion = 27.0;
					};
					C50000000000000000000001 = {
						CreatedOnToolsVersion = 27.0;
					};
					D50000000000000000000001 = {
						CreatedOnToolsVersion = 27.0;
					};
					F50000000000000000000001 = {
						CreatedOnToolsVersion = 27.0;
					};
					F50000000000000000000002 = {
						CreatedOnToolsVersion = 27.0;
					};
					T50000000000000000000001 = {
						CreatedOnToolsVersion = 27.0;
						TestTargetID = A50000000000000000000001;
					};
				};
			};
			buildConfigurationList = A80000000000000000000003 /* Build configuration list for PBXProject "iPS2PDF" */;
			compatibilityVersion = "Xcode 16.0";
			developmentRegion = en;
			hasScannedForEncodings = 0;
			knownRegions = (
				en,
				Base,
				de,
			);
			mainGroup = A70000000000000000000001;
			productRefGroup = A70000000000000000000012 /* Products */;
			projectDirPath = "";
			projectRoot = "";
			targets = (
				A50000000000000000000001 /* iPS2PDF */,
				B50000000000000000000001 /* iPS2PDFShare */,
				F50000000000000000000001 /* iPS2PDFSecurity */,
				F50000000000000000000002 /* iPS2PDFShareSecurity */,
				T50000000000000000000001 /* iPS2PDFTests */,
				C50000000000000000000001 /* Generate Build Number */,
				D50000000000000000000001 /* Build Ghostscript */,
			);
		};
/* End PBXProject section */

/* Begin PBXResourcesBuildPhase section */
		A60000000000000000000005 /* Resources */ = {
			isa = PBXResourcesBuildPhase;
			buildActionMask = 2147483647;
			files = (
			);
			runOnlyForDeploymentPostprocessing = 0;
		};
		B60000000000000000000003 /* Resources */ = {
			isa = PBXResourcesBuildPhase;
			buildActionMask = 2147483647;
			files = (
			);
			runOnlyForDeploymentPostprocessing = 0;
		};
		F60000000000000000000006 /* Resources */ = {
			isa = PBXResourcesBuildPhase;
			buildActionMask = 2147483647;
			files = (
			);
			runOnlyForDeploymentPostprocessing = 0;
		};
		F60000000000000000000007 /* Resources */ = {
			isa = PBXResourcesBuildPhase;
			buildActionMask = 2147483647;
			files = (
			);
			runOnlyForDeploymentPostprocessing = 0;
		};
/* End PBXResourcesBuildPhase section */

/* Begin PBXShellScriptBuildPhase section */
		C60000000000000000000001 /* Generate Build Number */ = {
			isa = PBXShellScriptBuildPhase;
			alwaysOutOfDate = 1;
			buildActionMask = 2147483647;
			files = (
			);
			inputPaths = (
				"$(SRCROOT)/Scripts/generate_build_number.sh",
			);
			name = "Generate Build Number";
			outputPaths = (
				"$(PROJECT_TEMP_DIR)/BuildNumber.c",
			);
			runOnlyForDeploymentPostprocessing = 0;
			shellPath = /bin/sh;
			shellScript = "mkdir -p \"${PROJECT_TEMP_DIR}\"\nprintf '#define BUILD_NUMBER_VALUE %s\\n' \"$(date '+%Y%m%d.%H%M%S')\" > \"${PROJECT_TEMP_DIR}/BuildNumber.c\"\n";
		};
		D60000000000000000000001 /* Build Ghostscript */ = {
			isa = PBXShellScriptBuildPhase;
			buildActionMask = 2147483647;
			files = (
			);
			inputPaths = (
				"$(SRCROOT)/Scripts/build_ghostscript.sh",
				"$(GHOSTSCRIPT_ARCHIVE_PATH)",
			);
			name = "Build Ghostscript";
			outputPaths = (
				"$(GHOSTSCRIPT_ARTIFACT_DIR)/lib/libgs.a",
				"$(GHOSTSCRIPT_ARTIFACT_DIR)/include/iapi.h",
				"$(GHOSTSCRIPT_ARTIFACT_DIR)/include/gserrors.h",
				"$(GHOSTSCRIPT_ARTIFACT_DIR)/resources/PDFA_def.ps",
				"$(GHOSTSCRIPT_ARTIFACT_DIR)/resources/PDFX_def.ps",
				"$(GHOSTSCRIPT_ARTIFACT_DIR)/resources/srgb.icc",
				"$(GHOSTSCRIPT_ARTIFACT_DIR)/build.stamp",
			);
			runOnlyForDeploymentPostprocessing = 0;
			shellPath = /bin/bash;
			shellScript = "\"$SRCROOT/Scripts/build_ghostscript.sh\" \"$PLATFORM_NAME\" \"$ARCHS\" \"$IPHONEOS_DEPLOYMENT_TARGET\" \"$SDK_NAME\" \"$PROJECT_TEMP_DIR\" \"$GHOSTSCRIPT_ARCHIVE_PATH\"\n";
		};
		E00000000000000000000003 /* Install Joboptions and Profiles */ = {
			isa = PBXShellScriptBuildPhase;
			buildActionMask = 2147483647;
			files = (
			);
			inputPaths = (
				"$(SRCROOT)/Scripts/install_bundled_resources.sh",
				"$(SRCROOT)/BundledResources/Joboptions",
				"$(SRCROOT)/BundledResources/Profiles",
			);
			name = "Install Joboptions and Profiles";
			outputPaths = (
				"$(TARGET_BUILD_DIR)/$(UNLOCALIZED_RESOURCES_FOLDER_PATH)/Joboptions",
				"$(TARGET_BUILD_DIR)/$(UNLOCALIZED_RESOURCES_FOLDER_PATH)/Profiles",
			);
			runOnlyForDeploymentPostprocessing = 0;
			shellPath = /bin/bash;
			shellScript = "\"$SRCROOT/Scripts/install_bundled_resources.sh\" \"$SRCROOT/BundledResources\" \"$TARGET_BUILD_DIR/$UNLOCALIZED_RESOURCES_FOLDER_PATH\"\n";
		};
		E00000000000000000000004 /* Install Joboptions */ = {
			isa = PBXShellScriptBuildPhase;
			buildActionMask = 2147483647;
			files = (
			);
			inputPaths = (
				"$(SRCROOT)/Scripts/install_bundled_resources.sh",
				"$(SRCROOT)/BundledResources/Joboptions",
			);
			name = "Install Joboptions";
			outputPaths = (
				"$(TARGET_BUILD_DIR)/$(UNLOCALIZED_RESOURCES_FOLDER_PATH)/Joboptions",
			);
			runOnlyForDeploymentPostprocessing = 0;
			shellPath = /bin/bash;
			shellScript = "\"$SRCROOT/Scripts/install_bundled_resources.sh\" \"$SRCROOT/BundledResources\" \"$TARGET_BUILD_DIR/$UNLOCALIZED_RESOURCES_FOLDER_PATH\" joboptions\n";
		};
		F60000000000000000000008 /* Install Profiles */ = {
			isa = PBXShellScriptBuildPhase;
			buildActionMask = 2147483647;
			files = (
			);
			inputPaths = (
				"$(SRCROOT)/Scripts/install_bundled_resources.sh",
				"$(SRCROOT)/BundledResources/Profiles",
			);
			name = "Install Profiles";
			outputPaths = (
				"$(TARGET_BUILD_DIR)/$(UNLOCALIZED_RESOURCES_FOLDER_PATH)/Profiles",
			);
			runOnlyForDeploymentPostprocessing = 0;
			shellPath = /bin/bash;
			shellScript = "\"$SRCROOT/Scripts/install_bundled_resources.sh\" \"$SRCROOT/BundledResources\" \"$TARGET_BUILD_DIR/$UNLOCALIZED_RESOURCES_FOLDER_PATH\" profiles\n";
		};
		F60000000000000000000009 /* Install Profiles */ = {
			isa = PBXShellScriptBuildPhase;
			buildActionMask = 2147483647;
			files = (
			);
			inputPaths = (
				"$(SRCROOT)/Scripts/install_bundled_resources.sh",
				"$(SRCROOT)/BundledResources/Profiles",
			);
			name = "Install Profiles";
			outputPaths = (
				"$(TARGET_BUILD_DIR)/$(UNLOCALIZED_RESOURCES_FOLDER_PATH)/Profiles",
			);
			runOnlyForDeploymentPostprocessing = 0;
			shellPath = /bin/bash;
			shellScript = "\"$SRCROOT/Scripts/install_bundled_resources.sh\" \"$SRCROOT/BundledResources\" \"$TARGET_BUILD_DIR/$UNLOCALIZED_RESOURCES_FOLDER_PATH\" profiles\n";
		};
		F6000000000000000000000A /* Install Ghostscript Resources */ = {
			isa = PBXShellScriptBuildPhase;
			buildActionMask = 2147483647;
			files = (
			);
			inputPaths = (
				"$(SRCROOT)/Scripts/install_ghostscript_resources.sh",
				"$(GHOSTSCRIPT_ARTIFACT_DIR)/resources/PDFA_def.ps",
				"$(GHOSTSCRIPT_ARTIFACT_DIR)/resources/PDFX_def.ps",
				"$(GHOSTSCRIPT_ARTIFACT_DIR)/resources/srgb.icc",
			);
			name = "Install Ghostscript Resources";
			outputPaths = (
				"$(TARGET_BUILD_DIR)/$(UNLOCALIZED_RESOURCES_FOLDER_PATH)/Ghostscript/PDFA_def.ps",
				"$(TARGET_BUILD_DIR)/$(UNLOCALIZED_RESOURCES_FOLDER_PATH)/Ghostscript/PDFX_def.ps",
				"$(TARGET_BUILD_DIR)/$(UNLOCALIZED_RESOURCES_FOLDER_PATH)/Ghostscript/srgb.icc",
			);
			runOnlyForDeploymentPostprocessing = 0;
			shellPath = /bin/bash;
			shellScript = "\"$SRCROOT/Scripts/install_ghostscript_resources.sh\" \"$GHOSTSCRIPT_ARTIFACT_DIR\" \"$TARGET_BUILD_DIR/$UNLOCALIZED_RESOURCES_FOLDER_PATH\"\n";
		};
		F6000000000000000000000B /* Install Ghostscript Resources */ = {
			isa = PBXShellScriptBuildPhase;
			buildActionMask = 2147483647;
			files = (
			);
			inputPaths = (
				"$(SRCROOT)/Scripts/install_ghostscript_resources.sh",
				"$(GHOSTSCRIPT_ARTIFACT_DIR)/resources/PDFA_def.ps",
				"$(GHOSTSCRIPT_ARTIFACT_DIR)/resources/PDFX_def.ps",
				"$(GHOSTSCRIPT_ARTIFACT_DIR)/resources/srgb.icc",
			);
			name = "Install Ghostscript Resources";
			outputPaths = (
				"$(TARGET_BUILD_DIR)/$(UNLOCALIZED_RESOURCES_FOLDER_PATH)/Ghostscript/PDFA_def.ps",
				"$(TARGET_BUILD_DIR)/$(UNLOCALIZED_RESOURCES_FOLDER_PATH)/Ghostscript/PDFX_def.ps",
				"$(TARGET_BUILD_DIR)/$(UNLOCALIZED_RESOURCES_FOLDER_PATH)/Ghostscript/srgb.icc",
			);
			runOnlyForDeploymentPostprocessing = 0;
			shellPath = /bin/bash;
			shellScript = "\"$SRCROOT/Scripts/install_ghostscript_resources.sh\" \"$GHOSTSCRIPT_ARTIFACT_DIR\" \"$TARGET_BUILD_DIR/$UNLOCALIZED_RESOURCES_FOLDER_PATH\"\n";
		};
		F6000000000000000000000C /* Install Share Host Extension Point */ = {
			isa = PBXShellScriptBuildPhase;
			buildActionMask = 2147483647;
			files = (
			);
			inputPaths = (
				"$(SRCROOT)/iPS2PDFShare/ShareHost.appexpt",
			);
			name = "Install Share Host Extension Point";
			outputPaths = (
				"$(TARGET_BUILD_DIR)/$(WRAPPER_NAME)/Extensions/iPS2PDFShare.appexpt",
			);
			runOnlyForDeploymentPostprocessing = 0;
			shellPath = /bin/sh;
			shellScript = "mkdir -p \"$TARGET_BUILD_DIR/$WRAPPER_NAME/Extensions\"\ncp \"$SRCROOT/iPS2PDFShare/ShareHost.appexpt\" \"$TARGET_BUILD_DIR/$WRAPPER_NAME/Extensions/iPS2PDFShare.appexpt\"\n";
		};
/* End PBXShellScriptBuildPhase section */

/* Begin PBXSourcesBuildPhase section */
		A60000000000000000000004 /* Sources */ = {
			isa = PBXSourcesBuildPhase;
			buildActionMask = 2147483647;
			files = (
			);
			runOnlyForDeploymentPostprocessing = 0;
		};
		B60000000000000000000001 /* Sources */ = {
			isa = PBXSourcesBuildPhase;
			buildActionMask = 2147483647;
			files = (
			);
			runOnlyForDeploymentPostprocessing = 0;
		};
		F60000000000000000000004 /* Sources */ = {
			isa = PBXSourcesBuildPhase;
			buildActionMask = 2147483647;
			files = (
			);
			runOnlyForDeploymentPostprocessing = 0;
		};
		F60000000000000000000005 /* Sources */ = {
			isa = PBXSourcesBuildPhase;
			buildActionMask = 2147483647;
			files = (
			);
			runOnlyForDeploymentPostprocessing = 0;
		};
		T60000000000000000000002 /* Sources */ = {
			isa = PBXSourcesBuildPhase;
			buildActionMask = 2147483647;
			files = (
			);
			runOnlyForDeploymentPostprocessing = 0;
		};
/* End PBXSourcesBuildPhase section */

/* Begin PBXTargetDependency section */
		B90000000000000000000001 /* PBXTargetDependency */ = {
			isa = PBXTargetDependency;
			target = B50000000000000000000001 /* iPS2PDFShare */;
			targetProxy = B30000000000000000000001 /* PBXContainerItemProxy */;
		};
		C90000000000000000000001 /* PBXTargetDependency */ = {
			isa = PBXTargetDependency;
			target = C50000000000000000000001 /* Generate Build Number */;
			targetProxy = C30000000000000000000001 /* PBXContainerItemProxy */;
		};
		C90000000000000000000002 /* PBXTargetDependency */ = {
			isa = PBXTargetDependency;
			target = C50000000000000000000001 /* Generate Build Number */;
			targetProxy = C30000000000000000000002 /* PBXContainerItemProxy */;
		};
		C90000000000000000000003 /* PBXTargetDependency */ = {
			isa = PBXTargetDependency;
			target = C50000000000000000000001 /* Generate Build Number */;
			targetProxy = C30000000000000000000003 /* PBXContainerItemProxy */;
		};
		C90000000000000000000004 /* PBXTargetDependency */ = {
			isa = PBXTargetDependency;
			target = C50000000000000000000001 /* Generate Build Number */;
			targetProxy = C30000000000000000000004 /* PBXContainerItemProxy */;
		};
		F90000000000000000000001 /* PBXTargetDependency */ = {
			isa = PBXTargetDependency;
			target = F50000000000000000000001 /* iPS2PDFSecurity */;
			targetProxy = F30000000000000000000001 /* PBXContainerItemProxy */;
		};
		F90000000000000000000002 /* PBXTargetDependency */ = {
			isa = PBXTargetDependency;
			target = F50000000000000000000002 /* iPS2PDFShareSecurity */;
			targetProxy = F30000000000000000000002 /* PBXContainerItemProxy */;
		};
		F90000000000000000000003 /* PBXTargetDependency */ = {
			isa = PBXTargetDependency;
			target = D50000000000000000000001 /* Build Ghostscript */;
			targetProxy = F30000000000000000000003 /* PBXContainerItemProxy */;
		};
		F90000000000000000000004 /* PBXTargetDependency */ = {
			isa = PBXTargetDependency;
			target = D50000000000000000000001 /* Build Ghostscript */;
			targetProxy = F30000000000000000000004 /* PBXContainerItemProxy */;
		};
		T90000000000000000000001 /* PBXTargetDependency */ = {
			isa = PBXTargetDependency;
			target = A50000000000000000000001 /* iPS2PDF */;
			targetProxy = T30000000000000000000001 /* PBXContainerItemProxy */;
		};
/* End PBXTargetDependency section */

/* Begin XCBuildConfiguration section */
		AA0000000000000000000001 /* Debug */ = {
			isa = XCBuildConfiguration;
			buildSettings = {
				ALWAYS_SEARCH_USER_PATHS = NO;
				CLANG_CXX_LANGUAGE_STANDARD = "gnu++20";
				CLANG_ENABLE_MODULES = YES;
				CLANG_ENABLE_OBJC_ARC = YES;
				CLANG_WARN_DOCUMENTATION_COMMENTS = YES;
				CLANG_WARN_QUOTED_INCLUDE_IN_FRAMEWORK_HEADER = YES;
				GCC_C_LANGUAGE_STANDARD = gnu17;
				GCC_WARN_64_TO_32_BIT_CONVERSION = YES;
				GHOSTSCRIPT_ARTIFACT_DIR = "$(PROJECT_TEMP_DIR)/GhostscriptArtifacts/$(SDK_NAME)-$(ARCHS)-ios$(IPHONEOS_DEPLOYMENT_TARGET)";
				IPHONEOS_DEPLOYMENT_TARGET = 26.0;
				LOCALIZATION_PREFERS_STRING_CATALOGS = YES;
				SDKROOT = iphoneos;
				SWIFT_EMIT_LOC_STRINGS = YES;
				SWIFT_VERSION = 5.0;
			};
			name = Debug;
		};
		AA0000000000000000000002 /* Release */ = {
			isa = XCBuildConfiguration;
			buildSettings = {
				ALWAYS_SEARCH_USER_PATHS = NO;
				CLANG_CXX_LANGUAGE_STANDARD = "gnu++20";
				CLANG_ENABLE_MODULES = YES;
				CLANG_ENABLE_OBJC_ARC = YES;
				GCC_C_LANGUAGE_STANDARD = gnu17;
				GHOSTSCRIPT_ARTIFACT_DIR = "$(PROJECT_TEMP_DIR)/GhostscriptArtifacts/$(SDK_NAME)-$(ARCHS)-ios$(IPHONEOS_DEPLOYMENT_TARGET)";
				IPHONEOS_DEPLOYMENT_TARGET = 26.0;
				LOCALIZATION_PREFERS_STRING_CATALOGS = YES;
				SDKROOT = iphoneos;
				SWIFT_COMPILATION_MODE = wholemodule;
				SWIFT_EMIT_LOC_STRINGS = YES;
				SWIFT_OPTIMIZATION_LEVEL = "-O";
				SWIFT_VERSION = 5.0;
			};
			name = Release;
		};
		AA0000000000000000000003 /* Debug */ = {
			isa = XCBuildConfiguration;
			buildSettings = {
				ARCHS = arm64;
				ASSETCATALOG_COMPILER_APPICON_NAME = AppIcon;
				CODE_SIGN_ENTITLEMENTS = App/iPS2PDF.entitlements;
				CODE_SIGN_STYLE = Automatic;
				DEVELOPMENT_TEAM = 7V6H28ZHKW;
				ENABLE_TESTABILITY = YES;
				ENABLE_USER_SCRIPT_SANDBOXING = NO;
				EX_ENABLE_EXTENSION_POINT_GENERATION = YES;
				GENERATE_INFOPLIST_FILE = NO;
				INFOPLIST_FILE = App/Info.plist;
				INFOPLIST_KEY_CFBundleDisplayName = iPS2PDF;
				INFOPLIST_PREFIX_HEADER = "$(PROJECT_TEMP_DIR)/BuildNumber.c";
				INFOPLIST_PREPROCESS = YES;
				MARKETING_VERSION = 1.0;
				PRODUCT_BUNDLE_IDENTIFIER = "de.cafe-megabyte.iPS2PDF";
				PRODUCT_NAME = "$(TARGET_NAME)";
				SUPPORTED_PLATFORMS = "iphonesimulator iphoneos";
				TARGETED_DEVICE_FAMILY = "1,2";
			};
			name = Debug;
		};
		AA0000000000000000000004 /* Release */ = {
			isa = XCBuildConfiguration;
			buildSettings = {
				ARCHS = arm64;
				ASSETCATALOG_COMPILER_APPICON_NAME = AppIcon;
				CODE_SIGN_ENTITLEMENTS = App/iPS2PDF.entitlements;
				CODE_SIGN_STYLE = Automatic;
				DEVELOPMENT_TEAM = 7V6H28ZHKW;
				ENABLE_USER_SCRIPT_SANDBOXING = NO;
				EX_ENABLE_EXTENSION_POINT_GENERATION = YES;
				GENERATE_INFOPLIST_FILE = NO;
				INFOPLIST_FILE = App/Info.plist;
				INFOPLIST_KEY_CFBundleDisplayName = iPS2PDF;
				INFOPLIST_PREFIX_HEADER = "$(PROJECT_TEMP_DIR)/BuildNumber.c";
				INFOPLIST_PREPROCESS = YES;
				MARKETING_VERSION = 1.0;
				PRODUCT_BUNDLE_IDENTIFIER = "de.cafe-megabyte.iPS2PDF";
				PRODUCT_NAME = "$(TARGET_NAME)";
				SUPPORTED_PLATFORMS = "iphonesimulator iphoneos";
				TARGETED_DEVICE_FAMILY = "1,2";
			};
			name = Release;
		};
		BA0000000000000000000001 /* Debug */ = {
			isa = XCBuildConfiguration;
			buildSettings = {
				APPLICATION_EXTENSION_API_ONLY = YES;
				ARCHS = arm64;
				CODE_SIGN_ENTITLEMENTS = iPS2PDFShare/iPS2PDFShare.entitlements;
				CODE_SIGN_STYLE = Automatic;
				DEVELOPMENT_TEAM = 7V6H28ZHKW;
				ENABLE_USER_SCRIPT_SANDBOXING = NO;
				EX_ENABLE_EXTENSION_POINT_GENERATION = YES;
				GENERATE_INFOPLIST_FILE = NO;
				INFOPLIST_FILE = iPS2PDFShare/Info.plist;
				INFOPLIST_PREFIX_HEADER = "$(PROJECT_TEMP_DIR)/BuildNumber.c";
				INFOPLIST_PREPROCESS = YES;
				IPHONEOS_DEPLOYMENT_TARGET = 26.0;
				LD_RUNPATH_SEARCH_PATHS = (
					"$(inherited)",
					"@executable_path/Frameworks",
					"@executable_path/../../Frameworks",
				);
				MARKETING_VERSION = 1.0;
				PRODUCT_BUNDLE_IDENTIFIER = "de.cafe-megabyte.iPS2PDF.Share";
				PRODUCT_NAME = "$(TARGET_NAME)";
				SKIP_INSTALL = YES;
				SUPPORTED_PLATFORMS = "iphonesimulator iphoneos";
				SWIFT_VERSION = 5.0;
				TARGETED_DEVICE_FAMILY = "1,2";
			};
			name = Debug;
		};
		BA0000000000000000000002 /* Release */ = {
			isa = XCBuildConfiguration;
			buildSettings = {
				APPLICATION_EXTENSION_API_ONLY = YES;
				ARCHS = arm64;
				CODE_SIGN_ENTITLEMENTS = iPS2PDFShare/iPS2PDFShare.entitlements;
				CODE_SIGN_STYLE = Automatic;
				DEVELOPMENT_TEAM = 7V6H28ZHKW;
				ENABLE_USER_SCRIPT_SANDBOXING = NO;
				EX_ENABLE_EXTENSION_POINT_GENERATION = YES;
				GENERATE_INFOPLIST_FILE = NO;
				INFOPLIST_FILE = iPS2PDFShare/Info.plist;
				INFOPLIST_PREFIX_HEADER = "$(PROJECT_TEMP_DIR)/BuildNumber.c";
				INFOPLIST_PREPROCESS = YES;
				IPHONEOS_DEPLOYMENT_TARGET = 26.0;
				LD_RUNPATH_SEARCH_PATHS = (
					"$(inherited)",
					"@executable_path/Frameworks",
					"@executable_path/../../Frameworks",
				);
				MARKETING_VERSION = 1.0;
				PRODUCT_BUNDLE_IDENTIFIER = "de.cafe-megabyte.iPS2PDF.Share";
				PRODUCT_NAME = "$(TARGET_NAME)";
				SKIP_INSTALL = YES;
				SUPPORTED_PLATFORMS = "iphonesimulator iphoneos";
				SWIFT_COMPILATION_MODE = wholemodule;
				SWIFT_OPTIMIZATION_LEVEL = "-O";
				SWIFT_VERSION = 5.0;
				TARGETED_DEVICE_FAMILY = "1,2";
			};
			name = Release;
		};
		CA00000000000000000000001 /* Debug */ = {
			isa = XCBuildConfiguration;
			buildSettings = {
			};
			name = Debug;
		};
		CA00000000000000000000002 /* Release */ = {
			isa = XCBuildConfiguration;
			buildSettings = {
			};
			name = Release;
		};
		DA00000000000000000000001 /* Debug */ = {
			isa = XCBuildConfiguration;
			buildSettings = {
				ARCHS = arm64;
				ENABLE_USER_SCRIPT_SANDBOXING = NO;
				GHOSTSCRIPT_ARCHIVE_PATH = "$(SRCROOT)/Vendor/Ghostscript/ghostscript-10.07.1.tar.gz";
				SUPPORTED_PLATFORMS = "iphonesimulator iphoneos";
			};
			name = Debug;
		};
		DA00000000000000000000002 /* Release */ = {
			isa = XCBuildConfiguration;
			buildSettings = {
				ARCHS = arm64;
				ENABLE_USER_SCRIPT_SANDBOXING = NO;
				GHOSTSCRIPT_ARCHIVE_PATH = "$(SRCROOT)/Vendor/Ghostscript/ghostscript-10.07.1.tar.gz";
				SUPPORTED_PLATFORMS = "iphonesimulator iphoneos";
			};
			name = Release;
		};
		FA00000000000000000000001 /* Debug */ = {
			isa = XCBuildConfiguration;
			buildSettings = {
				APPLICATION_EXTENSION_API_ONLY = YES;
				ARCHS = arm64;
				CODE_SIGN_ENTITLEMENTS = "Enhanced Security Helpers/EnhancedSecurity.entitlements";
				CODE_SIGN_STYLE = Automatic;
				DEVELOPMENT_TEAM = 7V6H28ZHKW;
				ENABLE_ENHANCED_SECURITY = YES;
				ENABLE_USER_SCRIPT_SANDBOXING = NO;
				GENERATE_INFOPLIST_FILE = NO;
				HEADER_SEARCH_PATHS = "$(GHOSTSCRIPT_ARTIFACT_DIR)/include";
				INFOPLIST_FILE = "Enhanced Security Helpers/MainInfo.plist";
				INFOPLIST_PREFIX_HEADER = "$(PROJECT_TEMP_DIR)/BuildNumber.c";
				INFOPLIST_PREPROCESS = YES;
				IPHONEOS_DEPLOYMENT_TARGET = 26.0;
				LIBRARY_SEARCH_PATHS = "$(GHOSTSCRIPT_ARTIFACT_DIR)/lib";
				MARKETING_VERSION = 1.0;
				OTHER_LDFLAGS = (
					"$(inherited)",
					"-lgs",
					"-lc++",
					"-liconv",
				);
				PRODUCT_BUNDLE_IDENTIFIER = "de.cafe-megabyte.iPS2PDF.Security";
				PRODUCT_NAME = "$(TARGET_NAME)";
				SKIP_INSTALL = YES;
				SUPPORTED_PLATFORMS = "iphonesimulator iphoneos";
				SWIFT_ACTIVE_COMPILATION_CONDITIONS = "$(inherited) ENHANCED_SECURITY_HELPER MAIN_HELPER";
				SWIFT_OBJC_BRIDGING_HEADER = "$(SRCROOT)/Enhanced Security Helpers/Ghostscript Integration/GhostscriptBridge.h";
				SWIFT_VERSION = 5.0;
				TARGETED_DEVICE_FAMILY = "1,2";
			};
			name = Debug;
		};
		FA00000000000000000000002 /* Release */ = {
			isa = XCBuildConfiguration;
			buildSettings = {
				APPLICATION_EXTENSION_API_ONLY = YES;
				ARCHS = arm64;
				CODE_SIGN_ENTITLEMENTS = "Enhanced Security Helpers/EnhancedSecurity.entitlements";
				CODE_SIGN_STYLE = Automatic;
				DEVELOPMENT_TEAM = 7V6H28ZHKW;
				ENABLE_ENHANCED_SECURITY = YES;
				ENABLE_USER_SCRIPT_SANDBOXING = NO;
				GENERATE_INFOPLIST_FILE = NO;
				HEADER_SEARCH_PATHS = "$(GHOSTSCRIPT_ARTIFACT_DIR)/include";
				INFOPLIST_FILE = "Enhanced Security Helpers/MainInfo.plist";
				INFOPLIST_PREFIX_HEADER = "$(PROJECT_TEMP_DIR)/BuildNumber.c";
				INFOPLIST_PREPROCESS = YES;
				IPHONEOS_DEPLOYMENT_TARGET = 26.0;
				LIBRARY_SEARCH_PATHS = "$(GHOSTSCRIPT_ARTIFACT_DIR)/lib";
				MARKETING_VERSION = 1.0;
				OTHER_LDFLAGS = (
					"$(inherited)",
					"-lgs",
					"-lc++",
					"-liconv",
				);
				PRODUCT_BUNDLE_IDENTIFIER = "de.cafe-megabyte.iPS2PDF.Security";
				PRODUCT_NAME = "$(TARGET_NAME)";
				SKIP_INSTALL = YES;
				SUPPORTED_PLATFORMS = "iphonesimulator iphoneos";
				SWIFT_ACTIVE_COMPILATION_CONDITIONS = "$(inherited) ENHANCED_SECURITY_HELPER MAIN_HELPER";
				SWIFT_OBJC_BRIDGING_HEADER = "$(SRCROOT)/Enhanced Security Helpers/Ghostscript Integration/GhostscriptBridge.h";
				SWIFT_VERSION = 5.0;
				TARGETED_DEVICE_FAMILY = "1,2";
			};
			name = Release;
		};
		FA00000000000000000000003 /* Debug */ = {
			isa = XCBuildConfiguration;
			buildSettings = {
				APPLICATION_EXTENSION_API_ONLY = YES;
				ARCHS = arm64;
				CODE_SIGN_ENTITLEMENTS = "Enhanced Security Helpers/EnhancedSecurity.entitlements";
				CODE_SIGN_STYLE = Automatic;
				DEVELOPMENT_TEAM = 7V6H28ZHKW;
				ENABLE_ENHANCED_SECURITY = YES;
				ENABLE_USER_SCRIPT_SANDBOXING = NO;
				GENERATE_INFOPLIST_FILE = NO;
				HEADER_SEARCH_PATHS = "$(GHOSTSCRIPT_ARTIFACT_DIR)/include";
				INFOPLIST_FILE = "Enhanced Security Helpers/ShareInfo.plist";
				INFOPLIST_PREFIX_HEADER = "$(PROJECT_TEMP_DIR)/BuildNumber.c";
				INFOPLIST_PREPROCESS = YES;
				IPHONEOS_DEPLOYMENT_TARGET = 26.0;
				LIBRARY_SEARCH_PATHS = "$(GHOSTSCRIPT_ARTIFACT_DIR)/lib";
				MARKETING_VERSION = 1.0;
				OTHER_LDFLAGS = (
					"$(inherited)",
					"-lgs",
					"-lc++",
					"-liconv",
				);
				PRODUCT_BUNDLE_IDENTIFIER = "de.cafe-megabyte.iPS2PDF.Share.Security";
				PRODUCT_NAME = "$(TARGET_NAME)";
				SKIP_INSTALL = YES;
				SUPPORTED_PLATFORMS = "iphonesimulator iphoneos";
				SWIFT_ACTIVE_COMPILATION_CONDITIONS = "$(inherited) ENHANCED_SECURITY_HELPER SHARE_HELPER";
				SWIFT_OBJC_BRIDGING_HEADER = "$(SRCROOT)/Enhanced Security Helpers/Ghostscript Integration/GhostscriptBridge.h";
				SWIFT_VERSION = 5.0;
				TARGETED_DEVICE_FAMILY = "1,2";
			};
			name = Debug;
		};
		FA00000000000000000000004 /* Release */ = {
			isa = XCBuildConfiguration;
			buildSettings = {
				APPLICATION_EXTENSION_API_ONLY = YES;
				ARCHS = arm64;
				CODE_SIGN_ENTITLEMENTS = "Enhanced Security Helpers/EnhancedSecurity.entitlements";
				CODE_SIGN_STYLE = Automatic;
				DEVELOPMENT_TEAM = 7V6H28ZHKW;
				ENABLE_ENHANCED_SECURITY = YES;
				ENABLE_USER_SCRIPT_SANDBOXING = NO;
				GENERATE_INFOPLIST_FILE = NO;
				HEADER_SEARCH_PATHS = "$(GHOSTSCRIPT_ARTIFACT_DIR)/include";
				INFOPLIST_FILE = "Enhanced Security Helpers/ShareInfo.plist";
				INFOPLIST_PREFIX_HEADER = "$(PROJECT_TEMP_DIR)/BuildNumber.c";
				INFOPLIST_PREPROCESS = YES;
				IPHONEOS_DEPLOYMENT_TARGET = 26.0;
				LIBRARY_SEARCH_PATHS = "$(GHOSTSCRIPT_ARTIFACT_DIR)/lib";
				MARKETING_VERSION = 1.0;
				OTHER_LDFLAGS = (
					"$(inherited)",
					"-lgs",
					"-lc++",
					"-liconv",
				);
				PRODUCT_BUNDLE_IDENTIFIER = "de.cafe-megabyte.iPS2PDF.Share.Security";
				PRODUCT_NAME = "$(TARGET_NAME)";
				SKIP_INSTALL = YES;
				SUPPORTED_PLATFORMS = "iphonesimulator iphoneos";
				SWIFT_ACTIVE_COMPILATION_CONDITIONS = "$(inherited) ENHANCED_SECURITY_HELPER SHARE_HELPER";
				SWIFT_OBJC_BRIDGING_HEADER = "$(SRCROOT)/Enhanced Security Helpers/Ghostscript Integration/GhostscriptBridge.h";
				SWIFT_VERSION = 5.0;
				TARGETED_DEVICE_FAMILY = "1,2";
			};
			name = Release;
		};
		TA00000000000000000000001 /* Debug */ = {
			isa = XCBuildConfiguration;
			buildSettings = {
				ARCHS = arm64;
				BUNDLE_LOADER = "$(TEST_HOST)";
				CODE_SIGN_STYLE = Automatic;
				DEVELOPMENT_TEAM = 7V6H28ZHKW;
				GENERATE_INFOPLIST_FILE = YES;
				IPHONEOS_DEPLOYMENT_TARGET = 26.0;
				PRODUCT_BUNDLE_IDENTIFIER = "de.cafe-megabyte.iPS2PDF.Tests";
				PRODUCT_NAME = "$(TARGET_NAME)";
				SUPPORTED_PLATFORMS = "iphonesimulator iphoneos";
				SWIFT_VERSION = 5.0;
				TARGETED_DEVICE_FAMILY = "1,2";
				TEST_HOST = "$(BUILT_PRODUCTS_DIR)/iPS2PDF.app/$(BUNDLE_EXECUTABLE_FOLDER_PATH)/iPS2PDF";
			};
			name = Debug;
		};
		TA00000000000000000000002 /* Release */ = {
			isa = XCBuildConfiguration;
			buildSettings = {
				ARCHS = arm64;
				BUNDLE_LOADER = "$(TEST_HOST)";
				CODE_SIGN_STYLE = Automatic;
				DEVELOPMENT_TEAM = 7V6H28ZHKW;
				GENERATE_INFOPLIST_FILE = YES;
				IPHONEOS_DEPLOYMENT_TARGET = 26.0;
				PRODUCT_BUNDLE_IDENTIFIER = "de.cafe-megabyte.iPS2PDF.Tests";
				PRODUCT_NAME = "$(TARGET_NAME)";
				SUPPORTED_PLATFORMS = "iphonesimulator iphoneos";
				SWIFT_COMPILATION_MODE = wholemodule;
				SWIFT_OPTIMIZATION_LEVEL = "-O";
				SWIFT_VERSION = 5.0;
				TARGETED_DEVICE_FAMILY = "1,2";
				TEST_HOST = "$(BUILT_PRODUCTS_DIR)/iPS2PDF.app/$(BUNDLE_EXECUTABLE_FOLDER_PATH)/iPS2PDF";
			};
			name = Release;
		};
/* End XCBuildConfiguration section */

/* Begin XCConfigurationList section */
		A80000000000000000000001 /* Build configuration list for PBXNativeTarget "iPS2PDF" */ = {
			isa = XCConfigurationList;
			buildConfigurations = (
				AA0000000000000000000003 /* Debug */,
				AA0000000000000000000004 /* Release */,
			);
			defaultConfigurationIsVisible = 0;
			defaultConfigurationName = Release;
		};
		A80000000000000000000003 /* Build configuration list for PBXProject "iPS2PDF" */ = {
			isa = XCConfigurationList;
			buildConfigurations = (
				AA0000000000000000000001 /* Debug */,
				AA0000000000000000000002 /* Release */,
			);
			defaultConfigurationIsVisible = 0;
			defaultConfigurationName = Release;
		};
		B80000000000000000000001 /* Build configuration list for PBXNativeTarget "iPS2PDFShare" */ = {
			isa = XCConfigurationList;
			buildConfigurations = (
				BA0000000000000000000001 /* Debug */,
				BA0000000000000000000002 /* Release */,
			);
			defaultConfigurationIsVisible = 0;
			defaultConfigurationName = Release;
		};
		C80000000000000000000001 /* Build configuration list for PBXAggregateTarget "Generate Build Number" */ = {
			isa = XCConfigurationList;
			buildConfigurations = (
				CA00000000000000000000001 /* Debug */,
				CA00000000000000000000002 /* Release */,
			);
			defaultConfigurationIsVisible = 0;
			defaultConfigurationName = Release;
		};
		D80000000000000000000001 /* Build configuration list for PBXAggregateTarget "Build Ghostscript" */ = {
			isa = XCConfigurationList;
			buildConfigurations = (
				DA00000000000000000000001 /* Debug */,
				DA00000000000000000000002 /* Release */,
			);
			defaultConfigurationIsVisible = 0;
			defaultConfigurationName = Release;
		};
		F80000000000000000000001 /* Build configuration list for PBXNativeTarget "iPS2PDFSecurity" */ = {
			isa = XCConfigurationList;
			buildConfigurations = (
				FA00000000000000000000001 /* Debug */,
				FA00000000000000000000002 /* Release */,
			);
			defaultConfigurationIsVisible = 0;
			defaultConfigurationName = Release;
		};
		F80000000000000000000002 /* Build configuration list for PBXNativeTarget "iPS2PDFShareSecurity" */ = {
			isa = XCConfigurationList;
			buildConfigurations = (
				FA00000000000000000000003 /* Debug */,
				FA00000000000000000000004 /* Release */,
			);
			defaultConfigurationIsVisible = 0;
			defaultConfigurationName = Release;
		};
		T80000000000000000000001 /* Build configuration list for PBXNativeTarget "iPS2PDFTests" */ = {
			isa = XCConfigurationList;
			buildConfigurations = (
				TA00000000000000000000001 /* Debug */,
				TA00000000000000000000002 /* Release */,
			);
			defaultConfigurationIsVisible = 0;
			defaultConfigurationName = Release;
		};
/* End XCConfigurationList section */
	};
	rootObject = A40000000000000000000001 /* Project object */;
}
